# This file is automatically @generated by Cargo.
# It is not intended for manual editing.
version = 3

[[package]]
name = "a-very-big-sum"
version = "0.1.0"

[[package]]
name = "bear-and-steady-gene"
version = "0.1.0"

[[package]]
name = "bigger-is-greater"
version = "0.1.0"

[[package]]
name = "climbing-the-leaderboard"
version = "0.1.0"

[[package]]
name = "coin-change"
version = "0.1.0"

[[package]]
name = "compare-the-triplets"
version = "0.1.0"

[[package]]
name = "connected-cell-in-grid"
version = "0.1.0"

[[package]]
name = "diagonal-difference"
version = "0.1.0"

[[package]]
name = "extra-long-factorials"
version = "0.1.0"

[[package]]
name = "journey-to-moon"
version = "0.1.0"

[[package]]
name = "larry-array"
version = "0.1.0"

[[package]]
name = "magic-square-forming"
version = "0.1.0"

[[package]]
name = "minimum-loss"
version = "0.1.0"

[[package]]
name = "simple-array-sum"
version = "0.1.0"

[[package]]
name = "solve-me-first"
version = "0.1.0"
